
Microsoft Visual Studio Solution File, Format Version 12.00
# Visual Studio Version 17
VisualStudioVersion = 17.4.33213.308
MinimumVisualStudioVersion = 10.0.40219.1
Project("{9A19103F-16F7-4668-BE54-9A1E7A4F7556}") = "OAOPS.Server", "OAOPS\Server\OAOPS.Server.csproj", "{90F88E2F-2FDC-496D-9552-B898AF9CC622}"
EndProject
Project("{9A19103F-16F7-4668-BE54-9A1E7A4F7556}") = "OAOPS.Client", "OAOPS\Client\OAOPS.Client.csproj", "{57B5EA92-068C-43F6-BD18-2A3E4F4CF447}"
EndProject
Project("{9A19103F-16F7-4668-BE54-9A1E7A4F7556}") = "OAOPS.Shared", "OAOPS\Shared\OAOPS.Shared.csproj", "{A74BE4E8-89F3-4DE0-B2D9-02A91FCB5080}"
EndProject
Project("{9A19103F-16F7-4668-BE54-9A1E7A4F7556}") = "TestProject", "TestProject\TestProject.csproj", "{DCAD8868-3B4A-4DA8-942A-A6020AC2C133}"
EndProject
Global
	GlobalSection(SolutionConfigurationPlatforms) = preSolution
		Debug|Any CPU = Debug|Any CPU
		Release|Any CPU = Release|Any CPU
	EndGlobalSection
	GlobalSection(ProjectConfigurationPlatforms) = postSolution
		{90F88E2F-2FDC-496D-9552-B898AF9CC622}.Debug|Any CPU.ActiveCfg = Debug|Any CPU
		{90F88E2F-2FDC-496D-9552-B898AF9CC622}.Debug|Any CPU.Build.0 = Debug|Any CPU
		{90F88E2F-2FDC-496D-9552-B898AF9CC622}.Release|Any CPU.ActiveCfg = Release|Any CPU
		{90F88E2F-2FDC-496D-9552-B898AF9CC622}.Release|Any CPU.Build.0 = Release|Any CPU
		{57B5EA92-068C-43F6-BD18-2A3E4F4CF447}.Debug|Any CPU.ActiveCfg = Debug|Any CPU
		{57B5EA92-068C-43F6-BD18-2A3E4F4CF447}.Debug|Any CPU.Build.0 = Debug|Any CPU
		{57B5EA92-068C-43F6-BD18-2A3E4F4CF447}.Release|Any CPU.ActiveCfg = Release|Any CPU
		{57B5EA92-068C-43F6-BD18-2A3E4F4CF447}.Release|Any CPU.Build.0 = Release|Any CPU
		{A74BE4E8-89F3-4DE0-B2D9-02A91FCB5080}.Debug|Any CPU.ActiveCfg = Debug|Any CPU
		{A74BE4E8-89F3-4DE0-B2D9-02A91FCB5080}.Debug|Any CPU.Build.0 = Debug|Any CPU
		{A74BE4E8-89F3-4DE0-B2D9-02A91FCB5080}.Release|Any CPU.ActiveCfg = Release|Any CPU
		{A74BE4E8-89F3-4DE0-B2D9-02A91FCB5080}.Release|Any CPU.Build.0 = Release|Any CPU
		{DCAD8868-3B4A-4DA8-942A-A6020AC2C133}.Debug|Any CPU.ActiveCfg = Debug|Any CPU
		{DCAD8868-3B4A-4DA8-942A-A6020AC2C133}.Debug|Any CPU.Build.0 = Debug|Any CPU
		{DCAD8868-3B4A-4DA8-942A-A6020AC2C133}.Release|Any CPU.ActiveCfg = Release|Any CPU
		{DCAD8868-3B4A-4DA8-942A-A6020AC2C133}.Release|Any CPU.Build.0 = Release|Any CPU
	EndGlobalSection
	GlobalSection(SolutionProperties) = preSolution
		HideSolutionNode = FALSE
	EndGlobalSection
	GlobalSection(ExtensibilityGlobals) = postSolution
		SolutionGuid = {EB6D9AA8-7D6B-4A9E-8996-DD37FFAE7945}
	EndGlobalSection
EndGlobal
