
Microsoft Visual Studio Solution File, Format Version 12.00
# Visual Studio Version 17
VisualStudioVersion = 17.3.32901.215
MinimumVisualStudioVersion = 10.0.40219.1
Project("{FAE04EC0-301F-11D3-BF4B-00C04F79EFBC}") = "Bezahlsystem.Server", "Bezahlsystem\Server\Bezahlsystem.Server.csproj", "{C1192FAA-27BE-499C-B4E2-30394B1E7921}"
EndProject
Project("{FAE04EC0-301F-11D3-BF4B-00C04F79EFBC}") = "Bezahlsystem.Client", "Bezahlsystem\Client\Bezahlsystem.Client.csproj", "{7FF81274-3A25-401E-8CEE-384C8438A3AF}"
EndProject
Project("{FAE04EC0-301F-11D3-BF4B-00C04F79EFBC}") = "Bezahlsystem.Shared", "Bezahlsystem\Shared\Bezahlsystem.Shared.csproj", "{A3847F55-B26B-4818-A6CF-3584D7CC8376}"
EndProject
Global
	GlobalSection(SolutionConfigurationPlatforms) = preSolution
		Debug|Any CPU = Debug|Any CPU
		Release|Any CPU = Release|Any CPU
	EndGlobalSection
	GlobalSection(ProjectConfigurationPlatforms) = postSolution
		{C1192FAA-27BE-499C-B4E2-30394B1E7921}.Debug|Any CPU.ActiveCfg = Debug|Any CPU
		{C1192FAA-27BE-499C-B4E2-30394B1E7921}.Debug|Any CPU.Build.0 = Debug|Any CPU
		{C1192FAA-27BE-499C-B4E2-30394B1E7921}.Release|Any CPU.ActiveCfg = Release|Any CPU
		{C1192FAA-27BE-499C-B4E2-30394B1E7921}.Release|Any CPU.Build.0 = Release|Any CPU
		{7FF81274-3A25-401E-8CEE-384C8438A3AF}.Debug|Any CPU.ActiveCfg = Debug|Any CPU
		{7FF81274-3A25-401E-8CEE-384C8438A3AF}.Debug|Any CPU.Build.0 = Debug|Any CPU
		{7FF81274-3A25-401E-8CEE-384C8438A3AF}.Release|Any CPU.ActiveCfg = Release|Any CPU
		{7FF81274-3A25-401E-8CEE-384C8438A3AF}.Release|Any CPU.Build.0 = Release|Any CPU
		{A3847F55-B26B-4818-A6CF-3584D7CC8376}.Debug|Any CPU.ActiveCfg = Debug|Any CPU
		{A3847F55-B26B-4818-A6CF-3584D7CC8376}.Debug|Any CPU.Build.0 = Debug|Any CPU
		{A3847F55-B26B-4818-A6CF-3584D7CC8376}.Release|Any CPU.ActiveCfg = Release|Any CPU
		{A3847F55-B26B-4818-A6CF-3584D7CC8376}.Release|Any CPU.Build.0 = Release|Any CPU
	EndGlobalSection
	GlobalSection(SolutionProperties) = preSolution
		HideSolutionNode = FALSE
	EndGlobalSection
	GlobalSection(ExtensibilityGlobals) = postSolution
		SolutionGuid = {710174B6-8AC6-4B03-B115-30B2B6527D18}
	EndGlobalSection
EndGlobal
