
Microsoft Visual Studio Solution File, Format Version 12.00
# Visual Studio Version 17
VisualStudioVersion = 17.4.33122.133
MinimumVisualStudioVersion = 10.0.40219.1
Project("{FAE04EC0-301F-11D3-BF4B-00C04F79EFBC}") = "Paymentsystem.API", "Paymentsystem.API\Paymentsystem.API.csproj", "{2C1F1510-135E-4890-BD5C-52D76BBE215F}"
EndProject
Project("{FAE04EC0-301F-11D3-BF4B-00C04F79EFBC}") = "Paymentsystem.Shared", "Paymentsystem.Shared\Paymentsystem.Shared.csproj", "{4F60D325-7D6F-439A-9904-077EA6B574AB}"
EndProject
Global
	GlobalSection(SolutionConfigurationPlatforms) = preSolution
		Debug|Any CPU = Debug|Any CPU
		Release|Any CPU = Release|Any CPU
	EndGlobalSection
	GlobalSection(ProjectConfigurationPlatforms) = postSolution
		{2C1F1510-135E-4890-BD5C-52D76BBE215F}.Debug|Any CPU.ActiveCfg = Debug|Any CPU
		{2C1F1510-135E-4890-BD5C-52D76BBE215F}.Debug|Any CPU.Build.0 = Debug|Any CPU
		{2C1F1510-135E-4890-BD5C-52D76BBE215F}.Release|Any CPU.ActiveCfg = Release|Any CPU
		{2C1F1510-135E-4890-BD5C-52D76BBE215F}.Release|Any CPU.Build.0 = Release|Any CPU
		{4F60D325-7D6F-439A-9904-077EA6B574AB}.Debug|Any CPU.ActiveCfg = Debug|Any CPU
		{4F60D325-7D6F-439A-9904-077EA6B574AB}.Debug|Any CPU.Build.0 = Debug|Any CPU
		{4F60D325-7D6F-439A-9904-077EA6B574AB}.Release|Any CPU.ActiveCfg = Release|Any CPU
		{4F60D325-7D6F-439A-9904-077EA6B574AB}.Release|Any CPU.Build.0 = Release|Any CPU
	EndGlobalSection
	GlobalSection(SolutionProperties) = preSolution
		HideSolutionNode = FALSE
	EndGlobalSection
	GlobalSection(ExtensibilityGlobals) = postSolution
		SolutionGuid = {103271E4-C0AB-473F-AF9B-827CF45C0F28}
	EndGlobalSection
EndGlobal
