
Microsoft Visual Studio Solution File, Format Version 12.00
# Visual Studio Version 17
VisualStudioVersion = 17.5.33424.131
MinimumVisualStudioVersion = 10.0.40219.1
Project("{FAE04EC0-301F-11D3-BF4B-00C04F79EFBC}") = "test_cs_client", "test_cs_client\test_cs_client.csproj", "{0AF74439-8153-4EC6-82C5-2E14A5E6BD5A}"
EndProject
Global
	GlobalSection(SolutionConfigurationPlatforms) = preSolution
		Debug|Any CPU = Debug|Any CPU
		Release|Any CPU = Release|Any CPU
	EndGlobalSection
	GlobalSection(ProjectConfigurationPlatforms) = postSolution
		{0AF74439-8153-4EC6-82C5-2E14A5E6BD5A}.Debug|Any CPU.ActiveCfg = Debug|Any CPU
		{0AF74439-8153-4EC6-82C5-2E14A5E6BD5A}.Debug|Any CPU.Build.0 = Debug|Any CPU
		{0AF74439-8153-4EC6-82C5-2E14A5E6BD5A}.Release|Any CPU.ActiveCfg = Release|Any CPU
		{0AF74439-8153-4EC6-82C5-2E14A5E6BD5A}.Release|Any CPU.Build.0 = Release|Any CPU
	EndGlobalSection
	GlobalSection(SolutionProperties) = preSolution
		HideSolutionNode = FALSE
	EndGlobalSection
	GlobalSection(ExtensibilityGlobals) = postSolution
		SolutionGuid = {3A4BBFAC-95DB-4254-9352-E8ADE43B42F2}
	EndGlobalSection
EndGlobal
