
Microsoft Visual Studio Solution File, Format Version 12.00
# Visual Studio Version 17
VisualStudioVersion = 17.3.32901.215
MinimumVisualStudioVersion = 10.0.40219.1
Project("{FAE04EC0-301F-11D3-BF4B-00C04F79EFBC}") = "API", "API\API.csproj", "{8A53A5AF-8760-4F99-8CC4-FFDC5A957CF5}"
EndProject
Project("{FAE04EC0-301F-11D3-BF4B-00C04F79EFBC}") = "DataAccess", "DataAccess\DataAccess.csproj", "{C61527BA-F7D6-4272-B12D-8867858D5889}"
EndProject
Project("{FAE04EC0-301F-11D3-BF4B-00C04F79EFBC}") = "Server", "Server\Server.csproj", "{91715644-B66B-4702-882F-763BA88D99CC}"
EndProject
Global
	GlobalSection(SolutionConfigurationPlatforms) = preSolution
		Debug|Any CPU = Debug|Any CPU
		Release|Any CPU = Release|Any CPU
	EndGlobalSection
	GlobalSection(ProjectConfigurationPlatforms) = postSolution
		{8A53A5AF-8760-4F99-8CC4-FFDC5A957CF5}.Debug|Any CPU.ActiveCfg = Debug|Any CPU
		{8A53A5AF-8760-4F99-8CC4-FFDC5A957CF5}.Debug|Any CPU.Build.0 = Debug|Any CPU
		{8A53A5AF-8760-4F99-8CC4-FFDC5A957CF5}.Release|Any CPU.ActiveCfg = Release|Any CPU
		{8A53A5AF-8760-4F99-8CC4-FFDC5A957CF5}.Release|Any CPU.Build.0 = Release|Any CPU
		{C61527BA-F7D6-4272-B12D-8867858D5889}.Debug|Any CPU.ActiveCfg = Debug|Any CPU
		{C61527BA-F7D6-4272-B12D-8867858D5889}.Debug|Any CPU.Build.0 = Debug|Any CPU
		{C61527BA-F7D6-4272-B12D-8867858D5889}.Release|Any CPU.ActiveCfg = Release|Any CPU
		{C61527BA-F7D6-4272-B12D-8867858D5889}.Release|Any CPU.Build.0 = Release|Any CPU
		{91715644-B66B-4702-882F-763BA88D99CC}.Debug|Any CPU.ActiveCfg = Debug|Any CPU
		{91715644-B66B-4702-882F-763BA88D99CC}.Debug|Any CPU.Build.0 = Debug|Any CPU
		{91715644-B66B-4702-882F-763BA88D99CC}.Release|Any CPU.ActiveCfg = Release|Any CPU
		{91715644-B66B-4702-882F-763BA88D99CC}.Release|Any CPU.Build.0 = Release|Any CPU
	EndGlobalSection
	GlobalSection(SolutionProperties) = preSolution
		HideSolutionNode = FALSE
	EndGlobalSection
	GlobalSection(ExtensibilityGlobals) = postSolution
		SolutionGuid = {4DD82C1B-DCFA-4A2C-9A2A-DEA731D079E9}
	EndGlobalSection
EndGlobal
